
Microsoft Visual Studio Solution File, Format Version 12.00
# Visual Studio Version 16
VisualStudioVersion = 16.0.29613.14
MinimumVisualStudioVersion = 10.0.40219.1
Project("{FAE04EC0-301F-11D3-BF4B-00C04F79EFBC}") = "Algorithmes", "Algorithmes\Algorithmes.csproj", "{8DAEA735-F218-4D13-B28D-BDBB2E6D367A}"
EndProject
Global
	GlobalSection(SolutionConfigurationPlatforms) = preSolution
		Debug|Any CPU = Debug|Any CPU
		Release|Any CPU = Release|Any CPU
	EndGlobalSection
	GlobalSection(ProjectConfigurationPlatforms) = postSolution
		{8DAEA735-F218-4D13-B28D-BDBB2E6D367A}.Debug|Any CPU.ActiveCfg = Debug|Any CPU
		{8DAEA735-F218-4D13-B28D-BDBB2E6D367A}.Debug|Any CPU.Build.0 = Debug|Any CPU
		{8DAEA735-F218-4D13-B28D-BDBB2E6D367A}.Release|Any CPU.ActiveCfg = Release|Any CPU
		{8DAEA735-F218-4D13-B28D-BDBB2E6D367A}.Release|Any CPU.Build.0 = Release|Any CPU
	EndGlobalSection
	GlobalSection(SolutionProperties) = preSolution
		HideSolutionNode = FALSE
	EndGlobalSection
	GlobalSection(ExtensibilityGlobals) = postSolution
		SolutionGuid = {C0B086E7-34C9-402B-B5A2-1BF2B62215A4}
	EndGlobalSection
EndGlobal
